// !$*UTF8*$!
{
	archiveVersion = 1;
	classes = {
	};
	objectVersion = 46;
	objects = {

/* Begin PBXBuildFile section */
		27FFABDB1B18D3A200F2E4D3 /* main.m in Sources */ = {isa = PBXBuildFile; fileRef = 27FFABDA1B18D3A200F2E4D3 /* main.m */; };
		27FFABDE1B18D3A200F2E4D3 /* AppDelegate.m in Sources */ = {isa = PBXBuildFile; fileRef = 27FFABDD1B18D3A200F2E4D3 /* AppDelegate.m */; };
		27FFABE11B18D3A200F2E4D3 /* ViewController.m in Sources */ = {isa = PBXBuildFile; fileRef = 27FFABE01B18D3A200F2E4D3 /* ViewController.m */; };
		27FFABE41B18D3A200F2E4D3 /* Main.storyboard in Resources */ = {isa = PBXBuildFile; fileRef = 27FFABE21B18D3A200F2E4D3 /* Main.storyboard */; };
		27FFABE61B18D3A200F2E4D3 /* Images.xcassets in Resources */ = {isa = PBXBuildFile; fileRef = 27FFABE51B18D3A200F2E4D3 /* Images.xcassets */; };
		27FFABE91B18D3A200F2E4D3 /* LaunchScreen.xib in Resources */ = {isa = PBXBuildFile; fileRef = 27FFABE71B18D3A200F2E4D3 /* LaunchScreen.xib */; };
		27FFABF51B18D3A200F2E4D3 /* groupRandomizerTests.m in Sources */ = {isa = PBXBuildFile; fileRef = 27FFABF41B18D3A200F2E4D3 /* groupRandomizerTests.m */; };
		27FFAC001B18D67C00F2E4D3 /* NameController.m in Sources */ = {isa = PBXBuildFile; fileRef = 27FFABFF1B18D67C00F2E4D3 /* NameController.m */; };
		27FFAC031B18D8B100F2E4D3 /* CollectionViewCell.m in Sources */ = {isa = PBXBuildFile; fileRef = 27FFAC021B18D8B100F2E4D3 /* CollectionViewCell.m */; };
		27FFAC061B18D9CB00F2E4D3 /* Stack.m in Sources */ = {isa = PBXBuildFile; fileRef = 27FFAC051B18D9CB00F2E4D3 /* Stack.m */; };
		27FFAC091B18DA0800F2E4D3 /* Model.xcdatamodeld in Sources */ = {isa = PBXBuildFile; fileRef = 27FFAC071B18DA0800F2E4D3 /* Model.xcdatamodeld */; };
		27FFAC0C1B18DA8100F2E4D3 /* Name.m in Sources */ = {isa = PBXBuildFile; fileRef = 27FFAC0B1B18DA8100F2E4D3 /* Name.m */; };
/* End PBXBuildFile section */

/* Begin PBXContainerItemProxy section */
		27FFABEF1B18D3A200F2E4D3 /* PBXContainerItemProxy */ = {
			isa = PBXContainerItemProxy;
			containerPortal = 27FFABCD1B18D3A200F2E4D3 /* Project object */;
			proxyType = 1;
			remoteGlobalIDString = 27FFABD41B18D3A200F2E4D3;
			remoteInfo = groupRandomizer;
		};
/* End PBXContainerItemProxy section */

/* Begin PBXFileReference section */
		27FFABD51B18D3A200F2E4D3 /* groupRandomizer.app */ = {isa = PBXFileReference; explicitFileType = wrapper.application; includeInIndex = 0; path = groupRandomizer.app; sourceTree = BUILT_PRODUCTS_DIR; };
		27FFABD91B18D3A200F2E4D3 /* Info.plist */ = {isa = PBXFileReference; lastKnownFileType = text.plist.xml; path = Info.plist; sourceTree = "<group>"; };
		27FFABDA1B18D3A200F2E4D3 /* main.m */ = {isa = PBXFileReference; lastKnownFileType = sourcecode.c.objc; path = main.m; sourceTree = "<group>"; };
		27FFABDC1B18D3A200F2E4D3 /* AppDelegate.h */ = {isa = PBXFileReference; lastKnownFileType = sourcecode.c.h; path = AppDelegate.h; sourceTree = "<group>"; };
		27FFABDD1B18D3A200F2E4D3 /* AppDelegate.m */ = {isa = PBXFileReference; lastKnownFileType = sourcecode.c.objc; path = AppDelegate.m; sourceTree = "<group>"; };
		27FFABDF1B18D3A200F2E4D3 /* ViewController.h */ = {isa = PBXFileReference; lastKnownFileType = sourcecode.c.h; path = ViewController.h; sourceTree = "<group>"; };
		27FFABE01B18D3A200F2E4D3 /* ViewController.m */ = {isa = PBXFileReference; lastKnownFileType = sourcecode.c.objc; path = ViewController.m; sourceTree = "<group>"; };
		27FFABE31B18D3A200F2E4D3 /* Base */ = {isa = PBXFileReference; lastKnownFileType = file.storyboard; name = Base; path = Base.lproj/Main.storyboard; sourceTree = "<group>"; };
		27FFABE51B18D3A200F2E4D3 /* Images.xcassets */ = {isa = PBXFileReference; lastKnownFileType = folder.assetcatalog; path = Images.xcassets; sourceTree = "<group>"; };
		27FFABE81B18D3A200F2E4D3 /* Base */ = {isa = PBXFileReference; lastKnownFileType = file.xib; name = Base; path = Base.lproj/LaunchScreen.xib; sourceTree = "<group>"; };
		27FFABEE1B18D3A200F2E4D3 /* groupRandomizerTests.xctest */ = {isa = PBXFileReference; explicitFileType = wrapper.cfbundle; includeInIndex = 0; path = groupRandomizerTests.xctest; sourceTree = BUILT_PRODUCTS_DIR; };
		27FFABF31B18D3A200F2E4D3 /* Info.plist */ = {isa = PBXFileReference; lastKnownFileType = text.plist.xml; path = Info.plist; sourceTree = "<group>"; };
		27FFABF41B18D3A200F2E4D3 /* groupRandomizerTests.m */ = {isa = PBXFileReference; lastKnownFileType = sourcecode.c.objc; path = groupRandomizerTests.m; sourceTree = "<group>"; };
		27FFABFE1B18D67C00F2E4D3 /* NameController.h */ = {isa = PBXFileReference; fileEncoding = 4; lastKnownFileType = sourcecode.c.h; path = NameController.h; sourceTree = "<group>"; };
		27FFABFF1B18D67C00F2E4D3 /* NameController.m */ = {isa = PBXFileReference; fileEncoding = 4; lastKnownFileType = sourcecode.c.objc; path = NameController.m; sourceTree = "<group>"; };
		27FFAC011B18D8B100F2E4D3 /* CollectionViewCell.h */ = {isa = PBXFileReference; fileEncoding = 4; lastKnownFileType = sourcecode.c.h; path = CollectionViewCell.h; sourceTree = "<group>"; };
		27FFAC021B18D8B100F2E4D3 /* CollectionViewCell.m */ = {isa = PBXFileReference; fileEncoding = 4; lastKnownFileType = sourcecode.c.objc; path = CollectionViewCell.m; sourceTree = "<group>"; };
		27FFAC041B18D9CB00F2E4D3 /* Stack.h */ = {isa = PBXFileReference; fileEncoding = 4; lastKnownFileType = sourcecode.c.h; path = Stack.h; sourceTree = "<group>"; };
		27FFAC051B18D9CB00F2E4D3 /* Stack.m */ = {isa = PBXFileReference; fileEncoding = 4; lastKnownFileType = sourcecode.c.objc; path = Stack.m; sourceTree = "<group>"; };
		27FFAC081B18DA0800F2E4D3 /* Model.xcdatamodel */ = {isa = PBXFileReference; lastKnownFileType = wrapper.xcdatamodel; path = Model.xcdatamodel; sourceTree = "<group>"; };
		27FFAC0A1B18DA8100F2E4D3 /* Name.h */ = {isa = PBXFileReference; fileEncoding = 4; lastKnownFileType = sourcecode.c.h; path = Name.h; sourceTree = "<group>"; };
		27FFAC0B1B18DA8100F2E4D3 /* Name.m */ = {isa = PBXFileReference; fileEncoding = 4; lastKnownFileType = sourcecode.c.objc; path = Name.m; sourceTree = "<group>"; };
/* End PBXFileReference section */

/* Begin PBXFrameworksBuildPhase section */
		27FFABD21B18D3A200F2E4D3 /* Frameworks */ = {
			isa = PBXFrameworksBuildPhase;
			buildActionMask = 2147483647;
			files = (
			);
			runOnlyForDeploymentPostprocessing = 0;
		};
		27FFABEB1B18D3A200F2E4D3 /* Frameworks */ = {
			isa = PBXFrameworksBuildPhase;
			buildActionMask = 2147483647;
			files = (
			);
			runOnlyForDeploymentPostprocessing = 0;
		};
/* End PBXFrameworksBuildPhase section */

/* Begin PBXGroup section */
		27FFABCC1B18D3A200F2E4D3 = {
			isa = PBXGroup;
			children = (
				27FFABD71B18D3A200F2E4D3 /* groupRandomizer */,
				27FFABF11B18D3A200F2E4D3 /* groupRandomizerTests */,
				27FFABD61B18D3A200F2E4D3 /* Products */,
			);
			sourceTree = "<group>";
		};
		27FFABD61B18D3A200F2E4D3 /* Products */ = {
			isa = PBXGroup;
			children = (
				27FFABD51B18D3A200F2E4D3 /* groupRandomizer.app */,
				27FFABEE1B18D3A200F2E4D3 /* groupRandomizerTests.xctest */,
			);
			name = Products;
			sourceTree = "<group>";
		};
		27FFABD71B18D3A200F2E4D3 /* groupRandomizer */ = {
			isa = PBXGroup;
			children = (
				27FFABDC1B18D3A200F2E4D3 /* AppDelegate.h */,
				27FFABDD1B18D3A200F2E4D3 /* AppDelegate.m */,
				27FFABDF1B18D3A200F2E4D3 /* ViewController.h */,
				27FFABE01B18D3A200F2E4D3 /* ViewController.m */,
				27FFABFE1B18D67C00F2E4D3 /* NameController.h */,
				27FFABFF1B18D67C00F2E4D3 /* NameController.m */,
				27FFAC011B18D8B100F2E4D3 /* CollectionViewCell.h */,
				27FFAC021B18D8B100F2E4D3 /* CollectionViewCell.m */,
				27FFAC041B18D9CB00F2E4D3 /* Stack.h */,
				27FFAC051B18D9CB00F2E4D3 /* Stack.m */,
				27FFAC0A1B18DA8100F2E4D3 /* Name.h */,
				27FFAC0B1B18DA8100F2E4D3 /* Name.m */,
				27FFAC071B18DA0800F2E4D3 /* Model.xcdatamodeld */,
				27FFABE21B18D3A200F2E4D3 /* Main.storyboard */,
				27FFABE51B18D3A200F2E4D3 /* Images.xcassets */,
				27FFABE71B18D3A200F2E4D3 /* LaunchScreen.xib */,
				27FFABD81B18D3A200F2E4D3 /* Supporting Files */,
			);
			path = groupRandomizer;
			sourceTree = "<group>";
		};
		27FFABD81B18D3A200F2E4D3 /* Supporting Files */ = {
			isa = PBXGroup;
			children = (
				27FFABD91B18D3A200F2E4D3 /* Info.plist */,
				27FFABDA1B18D3A200F2E4D3 /* main.m */,
			);
			name = "Supporting Files";
			sourceTree = "<group>";
		};
		27FFABF11B18D3A200F2E4D3 /* groupRandomizerTests */ = {
			isa = PBXGroup;
			children = (
				27FFABF41B18D3A200F2E4D3 /* groupRandomizerTests.m */,
				27FFABF21B18D3A200F2E4D3 /* Supporting Files */,
			);
			path = groupRandomizerTests;
			sourceTree = "<group>";
		};
		27FFABF21B18D3A200F2E4D3 /* Supporting Files */ = {
			isa = PBXGroup;
			children = (
				27FFABF31B18D3A200F2E4D3 /* Info.plist */,
			);
			name = "Supporting Files";
			sourceTree = "<group>";
		};
/* End PBXGroup section */

/* Begin PBXNativeTarget section */
		27FFABD41B18D3A200F2E4D3 /* groupRandomizer */ = {
			isa = PBXNativeTarget;
			buildConfigurationList = 27FFABF81B18D3A200F2E4D3 /* Build configuration list for PBXNativeTarget "groupRandomizer" */;
			buildPhases = (
				27FFABD11B18D3A200F2E4D3 /* Sources */,
				27FFABD21B18D3A200F2E4D3 /* Frameworks */,
				27FFABD31B18D3A200F2E4D3 /* Resources */,
			);
			buildRules = (
			);
			dependencies = (
			);
			name = groupRandomizer;
			productName = groupRandomizer;
			productReference = 27FFABD51B18D3A200F2E4D3 /* groupRandomizer.app */;
			productType = "com.apple.product-type.application";
		};
		27FFABED1B18D3A200F2E4D3 /* groupRandomizerTests */ = {
			isa = PBXNativeTarget;
			buildConfigurationList = 27FFABFB1B18D3A200F2E4D3 /* Build configuration list for PBXNativeTarget "groupRandomizerTests" */;
			buildPhases = (
				27FFABEA1B18D3A200F2E4D3 /* Sources */,
				27FFABEB1B18D3A200F2E4D3 /* Frameworks */,
				27FFABEC1B18D3A200F2E4D3 /* Resources */,
			);
			buildRules = (
			);
			dependencies = (
				27FFABF01B18D3A200F2E4D3 /* PBXTargetDependency */,
			);
			name = groupRandomizerTests;
			productName = groupRandomizerTests;
			productReference = 27FFABEE1B18D3A200F2E4D3 /* groupRandomizerTests.xctest */;
			productType = "com.apple.product-type.bundle.unit-test";
		};
/* End PBXNativeTarget section */

/* Begin PBXProject section */
		27FFABCD1B18D3A200F2E4D3 /* Project object */ = {
			isa = PBXProject;
			attributes = {
				LastUpgradeCheck = 0630;
				ORGANIZATIONNAME = "Ethan Hess";
				TargetAttributes = {
					27FFABD41B18D3A200F2E4D3 = {
						CreatedOnToolsVersion = 6.3.1;
					};
					27FFABED1B18D3A200F2E4D3 = {
						CreatedOnToolsVersion = 6.3.1;
						TestTargetID = 27FFABD41B18D3A200F2E4D3;
					};
				};
			};
			buildConfigurationList = 27FFABD01B18D3A200F2E4D3 /* Build configuration list for PBXProject "groupRandomizer" */;
			compatibilityVersion = "Xcode 3.2";
			developmentRegion = English;
			hasScannedForEncodings = 0;
			knownRegions = (
				en,
				Base,
			);
			mainGroup = 27FFABCC1B18D3A200F2E4D3;
			productRefGroup = 27FFABD61B18D3A200F2E4D3 /* Products */;
			projectDirPath = "";
			projectRoot = "";
			targets = (
				27FFABD41B18D3A200F2E4D3 /* groupRandomizer */,
				27FFABED1B18D3A200F2E4D3 /* groupRandomizerTests */,
			);
		};
/* End PBXProject section */

/* Begin PBXResourcesBuildPhase section */
		27FFABD31B18D3A200F2E4D3 /* Resources */ = {
			isa = PBXResourcesBuildPhase;
			buildActionMask = 2147483647;
			files = (
				27FFABE41B18D3A200F2E4D3 /* Main.storyboard in Resources */,
				27FFABE91B18D3A200F2E4D3 /* LaunchScreen.xib in Resources */,
				27FFABE61B18D3A200F2E4D3 /* Images.xcassets in Resources */,
			);
			runOnlyForDeploymentPostprocessing = 0;
		};
		27FFABEC1B18D3A200F2E4D3 /* Resources */ = {
			isa = PBXResourcesBuildPhase;
			buildActionMask = 2147483647;
			files = (
			);
			runOnlyForDeploymentPostprocessing = 0;
		};
/* End PBXResourcesBuildPhase section */

/* Begin PBXSourcesBuildPhase section */
		27FFABD11B18D3A200F2E4D3 /* Sources */ = {
			isa = PBXSourcesBuildPhase;
			buildActionMask = 2147483647;
			files = (
				27FFAC061B18D9CB00F2E4D3 /* Stack.m in Sources */,
				27FFAC001B18D67C00F2E4D3 /* NameController.m in Sources */,
				27FFAC0C1B18DA8100F2E4D3 /* Name.m in Sources */,
				27FFAC031B18D8B100F2E4D3 /* CollectionViewCell.m in Sources */,
				27FFAC091B18DA0800F2E4D3 /* Model.xcdatamodeld in Sources */,
				27FFABE11B18D3A200F2E4D3 /* ViewController.m in Sources */,
				27FFABDE1B18D3A200F2E4D3 /* AppDelegate.m in Sources */,
				27FFABDB1B18D3A200F2E4D3 /* main.m in Sources */,
			);
			runOnlyForDeploymentPostprocessing = 0;
		};
		27FFABEA1B18D3A200F2E4D3 /* Sources */ = {
			isa = PBXSourcesBuildPhase;
			buildActionMask = 2147483647;
			files = (
				27FFABF51B18D3A200F2E4D3 /* groupRandomizerTests.m in Sources */,
			);
			runOnlyForDeploymentPostprocessing = 0;
		};
/* End PBXSourcesBuildPhase section */

/* Begin PBXTargetDependency section */
		27FFABF01B18D3A200F2E4D3 /* PBXTargetDependency */ = {
			isa = PBXTargetDependency;
			target = 27FFABD41B18D3A200F2E4D3 /* groupRandomizer */;
			targetProxy = 27FFABEF1B18D3A200F2E4D3 /* PBXContainerItemProxy */;
		};
/* End PBXTargetDependency section */

/* Begin PBXVariantGroup section */
		27FFABE21B18D3A200F2E4D3 /* Main.storyboard */ = {
			isa = PBXVariantGroup;
			children = (
				27FFABE31B18D3A200F2E4D3 /* Base */,
			);
			name = Main.storyboard;
			sourceTree = "<group>";
		};
		27FFABE71B18D3A200F2E4D3 /* LaunchScreen.xib */ = {
			isa = PBXVariantGroup;
			children = (
				27FFABE81B18D3A200F2E4D3 /* Base */,
			);
			name = LaunchScreen.xib;
			sourceTree = "<group>";
		};
/* End PBXVariantGroup section */

/* Begin XCBuildConfiguration section */
		27FFABF61B18D3A200F2E4D3 /* Debug */ = {
			isa = XCBuildConfiguration;
			buildSettings = {
				ALWAYS_SEARCH_USER_PATHS = NO;
				CLANG_CXX_LANGUAGE_STANDARD = "gnu++0x";
				CLANG_CXX_LIBRARY = "libc++";
				CLANG_ENABLE_MODULES = YES;
				CLANG_ENABLE_OBJC_ARC = YES;
				CLANG_WARN_BOOL_CONVERSION = YES;
				CLANG_WARN_CONSTANT_CONVERSION = YES;
				CLANG_WARN_DIRECT_OBJC_ISA_USAGE = YES_ERROR;
				CLANG_WARN_EMPTY_BODY = YES;
				CLANG_WARN_ENUM_CONVERSION = YES;
				CLANG_WARN_INT_CONVERSION = YES;
				CLANG_WARN_OBJC_ROOT_CLASS = YES_ERROR;
				CLANG_WARN_UNREACHABLE_CODE = YES;
				CLANG_WARN__DUPLICATE_METHOD_MATCH = YES;
				"CODE_SIGN_IDENTITY[sdk=iphoneos*]" = "iPhone Developer";
				COPY_PHASE_STRIP = NO;
				DEBUG_INFORMATION_FORMAT = "dwarf-with-dsym";
				ENABLE_STRICT_OBJC_MSGSEND = YES;
				GCC_C_LANGUAGE_STANDARD = gnu99;
				GCC_DYNAMIC_NO_PIC = NO;
				GCC_NO_COMMON_BLOCKS = YES;
				GCC_OPTIMIZATION_LEVEL = 0;
				GCC_PREPROCESSOR_DEFINITIONS = (
					"DEBUG=1",
					"$(inherited)",
				);
				GCC_SYMBOLS_PRIVATE_EXTERN = NO;
				GCC_WARN_64_TO_32_BIT_CONVERSION = YES;
				GCC_WARN_ABOUT_RETURN_TYPE = YES_ERROR;
				GCC_WARN_UNDECLARED_SELECTOR = YES;
				GCC_WARN_UNINITIALIZED_AUTOS = YES_AGGRESSIVE;
				GCC_WARN_UNUSED_FUNCTION = YES;
				GCC_WARN_UNUSED_VARIABLE = YES;
				IPHONEOS_DEPLOYMENT_TARGET = 8.3;
				MTL_ENABLE_DEBUG_INFO = YES;
				ONLY_ACTIVE_ARCH = YES;
				SDKROOT = iphoneos;
				TARGETED_DEVICE_FAMILY = "1,2";
			};
			name = Debug;
		};
		27FFABF71B18D3A200F2E4D3 /* Release */ = {
			isa = XCBuildConfiguration;
			buildSettings = {
				ALWAYS_SEARCH_USER_PATHS = NO;
				CLANG_CXX_LANGUAGE_STANDARD = "gnu++0x";
				CLANG_CXX_LIBRARY = "libc++";
				CLANG_ENABLE_MODULES = YES;
				CLANG_ENABLE_OBJC_ARC = YES;
				CLANG_WARN_BOOL_CONVERSION = YES;
				CLANG_WARN_CONSTANT_CONVERSION = YES;
				CLANG_WARN_DIRECT_OBJC_ISA_USAGE = YES_ERROR;
				CLANG_WARN_EMPTY_BODY = YES;
				CLANG_WARN_ENUM_CONVERSION = YES;
				CLANG_WARN_INT_CONVERSION = YES;
				CLANG_WARN_OBJC_ROOT_CLASS = YES_ERROR;
				CLANG_WARN_UNREACHABLE_CODE = YES;
				CLANG_WARN__DUPLICATE_METHOD_MATCH = YES;
				"CODE_SIGN_IDENTITY[sdk=iphoneos*]" = "iPhone Developer";
				COPY_PHASE_STRIP = NO;
				DEBUG_INFORMATION_FORMAT = "dwarf-with-dsym";
				ENABLE_NS_ASSERTIONS = NO;
				ENABLE_STRICT_OBJC_MSGSEND = YES;
				GCC_C_LANGUAGE_STANDARD = gnu99;
				GCC_NO_COMMON_BLOCKS = YES;
				GCC_WARN_64_TO_32_BIT_CONVERSION = YES;
				GCC_WARN_ABOUT_RETURN_TYPE = YES_ERROR;
				GCC_WARN_UNDECLARED_SELECTOR = YES;
				GCC_WARN_UNINITIALIZED_AUTOS = YES_AGGRESSIVE;
				GCC_WARN_UNUSED_FUNCTION = YES;
				GCC_WARN_UNUSED_VARIABLE = YES;
				IPHONEOS_DEPLOYMENT_TARGET = 8.3;
				MTL_ENABLE_DEBUG_INFO = NO;
				SDKROOT = iphoneos;
				TARGETED_DEVICE_FAMILY = "1,2";
				VALIDATE_PRODUCT = YES;
			};
			name = Release;
		};
		27FFABF91B18D3A200F2E4D3 /* Debug */ = {
			isa = XCBuildConfiguration;
			buildSettings = {
				ASSETCATALOG_COMPILER_APPICON_NAME = AppIcon;
				INFOPLIST_FILE = groupRandomizer/Info.plist;
				LD_RUNPATH_SEARCH_PATHS = "$(inherited) @executable_path/Frameworks";
				PRODUCT_NAME = "$(TARGET_NAME)";
			};
			name = Debug;
		};
		27FFABFA1B18D3A200F2E4D3 /* Release */ = {
			isa = XCBuildConfiguration;
			buildSettings = {
				ASSETCATALOG_COMPILER_APPICON_NAME = AppIcon;
				INFOPLIST_FILE = groupRandomizer/Info.plist;
				LD_RUNPATH_SEARCH_PATHS = "$(inherited) @executable_path/Frameworks";
				PRODUCT_NAME = "$(TARGET_NAME)";
			};
			name = Release;
		};
		27FFABFC1B18D3A200F2E4D3 /* Debug */ = {
			isa = XCBuildConfiguration;
			buildSettings = {
				BUNDLE_LOADER = "$(TEST_HOST)";
				FRAMEWORK_SEARCH_PATHS = (
					"$(SDKROOT)/Developer/Library/Frameworks",
					"$(inherited)",
				);
				GCC_PREPROCESSOR_DEFINITIONS = (
					"DEBUG=1",
					"$(inherited)",
				);
				INFOPLIST_FILE = groupRandomizerTests/Info.plist;
				LD_RUNPATH_SEARCH_PATHS = "$(inherited) @executable_path/Frameworks @loader_path/Frameworks";
				PRODUCT_NAME = "$(TARGET_NAME)";
				TEST_HOST = "$(BUILT_PRODUCTS_DIR)/groupRandomizer.app/groupRandomizer";
			};
			name = Debug;
		};
		27FFABFD1B18D3A200F2E4D3 /* Release */ = {
			isa = XCBuildConfiguration;
			buildSettings = {
				BUNDLE_LOADER = "$(TEST_HOST)";
				FRAMEWORK_SEARCH_PATHS = (
					"$(SDKROOT)/Developer/Library/Frameworks",
					"$(inherited)",
				);
				INFOPLIST_FILE = groupRandomizerTests/Info.plist;
				LD_RUNPATH_SEARCH_PATHS = "$(inherited) @executable_path/Frameworks @loader_path/Frameworks";
				PRODUCT_NAME = "$(TARGET_NAME)";
				TEST_HOST = "$(BUILT_PRODUCTS_DIR)/groupRandomizer.app/groupRandomizer";
			};
			name = Release;
		};
/* End XCBuildConfiguration section */

/* Begin XCConfigurationList section */
		27FFABD01B18D3A200F2E4D3 /* Build configuration list for PBXProject "groupRandomizer" */ = {
			isa = XCConfigurationList;
			buildConfigurations = (
				27FFABF61B18D3A200F2E4D3 /* Debug */,
				27FFABF71B18D3A200F2E4D3 /* Release */,
			);
			defaultConfigurationIsVisible = 0;
			defaultConfigurationName = Release;
		};
		27FFABF81B18D3A200F2E4D3 /* Build configuration list for PBXNativeTarget "groupRandomizer" */ = {
			isa = XCConfigurationList;
			buildConfigurations = (
				27FFABF91B18D3A200F2E4D3 /* Debug */,
				27FFABFA1B18D3A200F2E4D3 /* Release */,
			);
			defaultConfigurationIsVisible = 0;
		};
		27FFABFB1B18D3A200F2E4D3 /* Build configuration list for PBXNativeTarget "groupRandomizerTests" */ = {
			isa = XCConfigurationList;
			buildConfigurations = (
				27FFABFC1B18D3A200F2E4D3 /* Debug */,
				27FFABFD1B18D3A200F2E4D3 /* Release */,
			);
			defaultConfigurationIsVisible = 0;
		};
/* End XCConfigurationList section */

/* Begin XCVersionGroup section */
		27FFAC071B18DA0800F2E4D3 /* Model.xcdatamodeld */ = {
			isa = XCVersionGroup;
			children = (
				27FFAC081B18DA0800F2E4D3 /* Model.xcdatamodel */,
			);
			currentVersion = 27FFAC081B18DA0800F2E4D3 /* Model.xcdatamodel */;
			path = Model.xcdatamodeld;
			sourceTree = "<group>";
			versionGroupType = wrapper.xcdatamodel;
		};
/* End XCVersionGroup section */
	};
	rootObject = 27FFABCD1B18D3A200F2E4D3 /* Project object */;
}
